{
    "_readme": [
        "This file locks the dependencies of your project to a known state",
        "Read more about it at https://getcomposer.org/doc/01-basic-usage.md#installing-dependencies",
        "This file is @generated automatically"
    ],
    "content-hash": "d2be06395f0f82d5e93f73244edca529",
    "packages": [
        {
            "name": "struktal/struktal-orm",
            "version": "1.0.2",
            "source": {
                "type": "git",
                "url": "https://github.com/Struktal/struktal-orm.git",
                "reference": "4539a2f496ef785b3e92f3ba9117733a3bf9318c"
            },
            "dist": {
                "type": "zip",
                "url": "https://api.github.com/repos/Struktal/struktal-orm/zipball/4539a2f496ef785b3e92f3ba9117733a3bf9318c",
                "reference": "4539a2f496ef785b3e92f3ba9117733a3bf9318c",
                "shasum": ""
            },
            "require": {
                "ext-pdo": "*",
                "php": ">=8.2.0"
            },
            "require-dev": {
                "pestphp/pest": "~v3.8.2"
            },
            "type": "library",
            "autoload": {
                "psr-4": {
                    "struktal\\ORM\\": "src/",
                    "struktal\\ORM\\Database\\": "src/database/"
                }
            },
            "notification-url": "https://packagist.org/downloads/",
            "license": [
                "MIT"
            ],
            "description": "PHP library implementing the DAO pattern for easier database handling",
            "keywords": [
                "database",
                "objects"
            ],
            "support": {
                "issues": "https://github.com/Struktal/struktal-orm/issues",
                "source": "https://github.com/Struktal/struktal-orm/tree/1.0.2"
            },
            "time": "2025-08-12T11:46:47+00:00"
        }
    ],
    "packages-dev": [],
    "aliases": [],
    "minimum-stability": "stable",
    "stability-flags": [],
    "prefer-stable": false,
    "prefer-lowest": false,
    "platform": {
        "php": ">=8.2.0"
    },
    "platform-dev": [],
    "plugin-api-version": "2.3.0"
}
