{
    "_readme": [
        "This file locks the dependencies of your project to a known state",
        "Read more about it at https://getcomposer.org/doc/01-basic-usage.md#installing-dependencies",
        "This file is @generated automatically"
    ],
    "content-hash": "4cef4b101d28692bb8705520c07fcd23",
    "packages": [
        {
            "name": "struktal/struktal-orm",
            "version": "1.0.1",
            "source": {
                "type": "git",
                "url": "https://github.com/Struktal/struktal-orm.git",
                "reference": "a0950c3a3c06344e2717bba9fcebcd63de4f6be6"
            },
            "dist": {
                "type": "zip",
                "url": "https://api.github.com/repos/Struktal/struktal-orm/zipball/a0950c3a3c06344e2717bba9fcebcd63de4f6be6",
                "reference": "a0950c3a3c06344e2717bba9fcebcd63de4f6be6",
                "shasum": ""
            },
            "require": {
                "ext-pdo": "*",
                "php": ">=8.2.0"
            },
            "require-dev": {
                "pestphp/pest": "~v3.8.2"
            },
            "type": "library",
            "autoload": {
                "psr-4": {
                    "struktal\\ORM\\": "src/",
                    "struktal\\ORM\\Database\\": "src/database/"
                }
            },
            "notification-url": "https://packagist.org/downloads/",
            "license": [
                "MIT"
            ],
            "description": "PHP library implementing the DAO pattern for easier database handling",
            "keywords": [
                "database",
                "objects"
            ],
            "support": {
                "issues": "https://github.com/Struktal/struktal-orm/issues",
                "source": "https://github.com/Struktal/struktal-orm/tree/1.0.1"
            },
            "time": "2025-06-17T13:02:15+00:00"
        },
        {
            "name": "struktal/struktal-router",
            "version": "1.2.0",
            "source": {
                "type": "git",
                "url": "https://github.com/Struktal/struktal-router.git",
                "reference": "93e4ceb05fda6bf4028dd719b408da4d13c77016"
            },
            "dist": {
                "type": "zip",
                "url": "https://api.github.com/repos/Struktal/struktal-router/zipball/93e4ceb05fda6bf4028dd719b408da4d13c77016",
                "reference": "93e4ceb05fda6bf4028dd719b408da4d13c77016",
                "shasum": ""
            },
            "require": {
                "php": ">=8.2.0"
            },
            "type": "library",
            "autoload": {
                "psr-4": {
                    "struktal\\Router\\": "src/"
                }
            },
            "notification-url": "https://packagist.org/downloads/",
            "license": [
                "MIT"
            ],
            "description": "PHP router for the Struktal framework",
            "keywords": [
                "router"
            ],
            "support": {
                "issues": "https://github.com/Struktal/struktal-router/issues",
                "source": "https://github.com/Struktal/struktal-router/tree/1.2.0"
            },
            "time": "2025-08-01T15:39:22+00:00"
        }
    ],
    "packages-dev": [],
    "aliases": [],
    "minimum-stability": "stable",
    "stability-flags": [],
    "prefer-stable": false,
    "prefer-lowest": false,
    "platform": {
        "php": ">=8.2.0"
    },
    "platform-dev": [],
    "plugin-api-version": "2.3.0"
}
